
Microsoft Visual Studio Solution File, Format Version 12.00
# Visual Studio Version 17
VisualStudioVersion = 17.11.35303.130
MinimumVisualStudioVersion = 10.0.40219.1
Project("{FAE04EC0-301F-11D3-BF4B-00C04F79EFBC}") = "ti_2tr", "ti_2tr.csproj", "{0DD57E71-8A53-4D73-9D99-A9013634E13E}"
EndProject
Global
	GlobalSection(SolutionConfigurationPlatforms) = preSolution
		Debug|Any CPU = Debug|Any CPU
		Release|Any CPU = Release|Any CPU
	EndGlobalSection
	GlobalSection(ProjectConfigurationPlatforms) = postSolution
		{0DD57E71-8A53-4D73-9D99-A9013634E13E}.Debug|Any CPU.ActiveCfg = Debug|Any CPU
		{0DD57E71-8A53-4D73-9D99-A9013634E13E}.Debug|Any CPU.Build.0 = Debug|Any CPU
		{0DD57E71-8A53-4D73-9D99-A9013634E13E}.Release|Any CPU.ActiveCfg = Release|Any CPU
		{0DD57E71-8A53-4D73-9D99-A9013634E13E}.Release|Any CPU.Build.0 = Release|Any CPU
	EndGlobalSection
	GlobalSection(SolutionProperties) = preSolution
		HideSolutionNode = FALSE
	EndGlobalSection
	GlobalSection(ExtensibilityGlobals) = postSolution
		SolutionGuid = {0DF7D3F0-E6DA-40C7-9AB9-C10E4BDC75B4}
	EndGlobalSection
EndGlobal
